
Microsoft Visual Studio Solution File, Format Version 12.00
# Visual Studio Version 17
VisualStudioVersion = 17.8.34601.278
MinimumVisualStudioVersion = 10.0.40219.1
Project("{9A19103F-16F7-4668-BE54-9A1E7A4F7556}") = "DashboardAPI", "DashboardAPI\DashboardAPI.csproj", "{67BCAAAF-28A1-4C3C-BF2D-038D2BE0212D}"
EndProject
Project("{E53339B2-1760-4266-BCC7-CA923CBCF16C}") = "docker-compose", "docker-compose.dcproj", "{EB56EB9F-D83B-4492-A1C5-9EC74E4A4D02}"
EndProject
Global
	GlobalSection(SolutionConfigurationPlatforms) = preSolution
		Debug|Any CPU = Debug|Any CPU
		Release|Any CPU = Release|Any CPU
	EndGlobalSection
	GlobalSection(ProjectConfigurationPlatforms) = postSolution
		{67BCAAAF-28A1-4C3C-BF2D-038D2BE0212D}.Debug|Any CPU.ActiveCfg = Debug|Any CPU
		{67BCAAAF-28A1-4C3C-BF2D-038D2BE0212D}.Debug|Any CPU.Build.0 = Debug|Any CPU
		{67BCAAAF-28A1-4C3C-BF2D-038D2BE0212D}.Release|Any CPU.ActiveCfg = Release|Any CPU
		{67BCAAAF-28A1-4C3C-BF2D-038D2BE0212D}.Release|Any CPU.Build.0 = Release|Any CPU
		{EB56EB9F-D83B-4492-A1C5-9EC74E4A4D02}.Debug|Any CPU.ActiveCfg = Debug|Any CPU
		{EB56EB9F-D83B-4492-A1C5-9EC74E4A4D02}.Debug|Any CPU.Build.0 = Debug|Any CPU
		{EB56EB9F-D83B-4492-A1C5-9EC74E4A4D02}.Release|Any CPU.ActiveCfg = Release|Any CPU
		{EB56EB9F-D83B-4492-A1C5-9EC74E4A4D02}.Release|Any CPU.Build.0 = Release|Any CPU
	EndGlobalSection
	GlobalSection(SolutionProperties) = preSolution
		HideSolutionNode = FALSE
	EndGlobalSection
	GlobalSection(ExtensibilityGlobals) = postSolution
		SolutionGuid = {35294C3D-630F-41D0-8E1F-5CEDE64A8B60}
	EndGlobalSection
EndGlobal
